
Microsoft Visual Studio Solution File, Format Version 12.00
# Visual Studio 15
VisualStudioVersion = 15.0.28307.421
MinimumVisualStudioVersion = 10.0.40219.1
Project("{FAE04EC0-301F-11D3-BF4B-00C04F79EFBC}") = "Demo.Values.Web.Api", "Demo.Values.Web.Api\Demo.Values.Web.Api.csproj", "{4150C262-AC0B-407B-8E3F-BB72A761F138}"
EndProject
Global
	GlobalSection(SolutionConfigurationPlatforms) = preSolution
		Debug|Any CPU = Debug|Any CPU
		Release|Any CPU = Release|Any CPU
	EndGlobalSection
	GlobalSection(ProjectConfigurationPlatforms) = postSolution
		{4150C262-AC0B-407B-8E3F-BB72A761F138}.Debug|Any CPU.ActiveCfg = Debug|Any CPU
		{4150C262-AC0B-407B-8E3F-BB72A761F138}.Debug|Any CPU.Build.0 = Debug|Any CPU
		{4150C262-AC0B-407B-8E3F-BB72A761F138}.Release|Any CPU.ActiveCfg = Release|Any CPU
		{4150C262-AC0B-407B-8E3F-BB72A761F138}.Release|Any CPU.Build.0 = Release|Any CPU
	EndGlobalSection
	GlobalSection(SolutionProperties) = preSolution
		HideSolutionNode = FALSE
	EndGlobalSection
	GlobalSection(ExtensibilityGlobals) = postSolution
		SolutionGuid = {2A300CEC-B174-4FF2-A5C5-764A2A479B7E}
	EndGlobalSection
EndGlobal
